
Microsoft Visual Studio Solution File, Format Version 12.00
# Visual Studio 14
VisualStudioVersion = 14.0.25420.1
MinimumVisualStudioVersion = 10.0.40219.1
Project("{FAE04EC0-301F-11D3-BF4B-00C04F79EFBC}") = "ServerMonitorFrontend", "ServerMonitorFrontend\ServerMonitorFrontend.csproj", "{1F853D6B-0D0B-48C7-93EA-A84A864176B7}"
EndProject
Project("{FAE04EC0-301F-11D3-BF4B-00C04F79EFBC}") = "ServerMonitorFrontend.Tests", "ServerMonitorFrontend.Tests\ServerMonitorFrontend.Tests.csproj", "{B8628312-6CFC-4D96-8FC5-EB3C09BA624E}"
EndProject
Project("{FAE04EC0-301F-11D3-BF4B-00C04F79EFBC}") = "Entities", "Entities\Entities.csproj", "{F839F317-6A09-4A9D-8587-82BF7CD1B772}"
EndProject
Global
	GlobalSection(SolutionConfigurationPlatforms) = preSolution
		Debug|Any CPU = Debug|Any CPU
		Release|Any CPU = Release|Any CPU
	EndGlobalSection
	GlobalSection(ProjectConfigurationPlatforms) = postSolution
		{1F853D6B-0D0B-48C7-93EA-A84A864176B7}.Debug|Any CPU.ActiveCfg = Debug|Any CPU
		{1F853D6B-0D0B-48C7-93EA-A84A864176B7}.Debug|Any CPU.Build.0 = Debug|Any CPU
		{1F853D6B-0D0B-48C7-93EA-A84A864176B7}.Release|Any CPU.ActiveCfg = Release|Any CPU
		{1F853D6B-0D0B-48C7-93EA-A84A864176B7}.Release|Any CPU.Build.0 = Release|Any CPU
		{B8628312-6CFC-4D96-8FC5-EB3C09BA624E}.Debug|Any CPU.ActiveCfg = Debug|Any CPU
		{B8628312-6CFC-4D96-8FC5-EB3C09BA624E}.Debug|Any CPU.Build.0 = Debug|Any CPU
		{B8628312-6CFC-4D96-8FC5-EB3C09BA624E}.Release|Any CPU.ActiveCfg = Release|Any CPU
		{B8628312-6CFC-4D96-8FC5-EB3C09BA624E}.Release|Any CPU.Build.0 = Release|Any CPU
		{F839F317-6A09-4A9D-8587-82BF7CD1B772}.Debug|Any CPU.ActiveCfg = Debug|Any CPU
		{F839F317-6A09-4A9D-8587-82BF7CD1B772}.Debug|Any CPU.Build.0 = Debug|Any CPU
		{F839F317-6A09-4A9D-8587-82BF7CD1B772}.Release|Any CPU.ActiveCfg = Release|Any CPU
		{F839F317-6A09-4A9D-8587-82BF7CD1B772}.Release|Any CPU.Build.0 = Release|Any CPU
	EndGlobalSection
	GlobalSection(SolutionProperties) = preSolution
		HideSolutionNode = FALSE
	EndGlobalSection
EndGlobal
